
Microsoft Visual Studio Solution File, Format Version 12.00
# Visual Studio Version 17
VisualStudioVersion = 17.9.34607.119
MinimumVisualStudioVersion = 10.0.40219.1
Project("{FAE04EC0-301F-11D3-BF4B-00C04F79EFBC}") = "C#_Practice_modul_12_part_03_ua", "C#_Practice_modul_12_part_03_ua\C#_Practice_modul_12_part_03_ua.csproj", "{4688FDB5-022C-40E4-BCB2-D2C469F76B4D}"
EndProject
Global
	GlobalSection(SolutionConfigurationPlatforms) = preSolution
		Debug|Any CPU = Debug|Any CPU
		Release|Any CPU = Release|Any CPU
	EndGlobalSection
	GlobalSection(ProjectConfigurationPlatforms) = postSolution
		{4688FDB5-022C-40E4-BCB2-D2C469F76B4D}.Debug|Any CPU.ActiveCfg = Debug|Any CPU
		{4688FDB5-022C-40E4-BCB2-D2C469F76B4D}.Debug|Any CPU.Build.0 = Debug|Any CPU
		{4688FDB5-022C-40E4-BCB2-D2C469F76B4D}.Release|Any CPU.ActiveCfg = Release|Any CPU
		{4688FDB5-022C-40E4-BCB2-D2C469F76B4D}.Release|Any CPU.Build.0 = Release|Any CPU
	EndGlobalSection
	GlobalSection(SolutionProperties) = preSolution
		HideSolutionNode = FALSE
	EndGlobalSection
	GlobalSection(ExtensibilityGlobals) = postSolution
		SolutionGuid = {6B4D1271-5BF5-437C-AE1E-F52ACC73BF3B}
	EndGlobalSection
EndGlobal
